{
  "name": "suika",
  "lockfileVersion": 3,
  "requires": true,
  "packages": {
    "": {
      "dependencies": {
        "@types/matter-js": "^0.19.4"
      }
    },
    "node_modules/@types/matter-js": {
      "version": "0.19.4",
      "resolved": "https://registry.npmjs.org/@types/matter-js/-/matter-js-0.19.4.tgz",
      "integrity": "sha512-CHKobJ2Kr9GJqr1uvoL4v3DCCgf44b0qJcOctbHtkmPBDMMN0ORnIwNS0WNFxiD0YqtySZH7IgaefGFZ0NUcMA=="
    }
  }
}
